// !$*UTF8*$!
{
	archiveVersion = 1;
	classes = {
	};
	objectVersion = 50;
	objects = {

/* Begin PBXBuildFile section */
		EF15B6322601224700579805 /* SolutionView.swift in Sources */ = {isa = PBXBuildFile; fileRef = EF15B6312601224700579805 /* SolutionView.swift */; };
		EF15B63926012E9100579805 /* UserSolutionView.swift in Sources */ = {isa = PBXBuildFile; fileRef = EF15B63826012E9100579805 /* UserSolutionView.swift */; };
		EF1AEBF125F7F54C0016716E /* MasterMindApp.swift in Sources */ = {isa = PBXBuildFile; fileRef = EF1AEBF025F7F54C0016716E /* MasterMindApp.swift */; };
		EF1AEBF325F7F54C0016716E /* ContentView.swift in Sources */ = {isa = PBXBuildFile; fileRef = EF1AEBF225F7F54C0016716E /* ContentView.swift */; };
		EF1AEBF525F7F54D0016716E /* Assets.xcassets in Resources */ = {isa = PBXBuildFile; fileRef = EF1AEBF425F7F54D0016716E /* Assets.xcassets */; };
		EF1AEBF825F7F54D0016716E /* Preview Assets.xcassets in Resources */ = {isa = PBXBuildFile; fileRef = EF1AEBF725F7F54D0016716E /* Preview Assets.xcassets */; };
		EF1AEC0125F7F55D0016716E /* ViewModel.swift in Sources */ = {isa = PBXBuildFile; fileRef = EF1AEC0025F7F55D0016716E /* ViewModel.swift */; };
		EFD9061625FA907500708365 /* RowView.swift in Sources */ = {isa = PBXBuildFile; fileRef = EFD9061525FA907500708365 /* RowView.swift */; };
/* End PBXBuildFile section */

/* Begin PBXFileReference section */
		EF15B6312601224700579805 /* SolutionView.swift */ = {isa = PBXFileReference; lastKnownFileType = sourcecode.swift; path = SolutionView.swift; sourceTree = "<group>"; };
		EF15B63826012E9100579805 /* UserSolutionView.swift */ = {isa = PBXFileReference; lastKnownFileType = sourcecode.swift; path = UserSolutionView.swift; sourceTree = "<group>"; };
		EF1AEBED25F7F54C0016716E /* MasterMind.app */ = {isa = PBXFileReference; explicitFileType = wrapper.application; includeInIndex = 0; path = MasterMind.app; sourceTree = BUILT_PRODUCTS_DIR; };
		EF1AEBF025F7F54C0016716E /* MasterMindApp.swift */ = {isa = PBXFileReference; lastKnownFileType = sourcecode.swift; path = MasterMindApp.swift; sourceTree = "<group>"; };
		EF1AEBF225F7F54C0016716E /* ContentView.swift */ = {isa = PBXFileReference; lastKnownFileType = sourcecode.swift; path = ContentView.swift; sourceTree = "<group>"; };
		EF1AEBF425F7F54D0016716E /* Assets.xcassets */ = {isa = PBXFileReference; lastKnownFileType = folder.assetcatalog; path = Assets.xcassets; sourceTree = "<group>"; };
		EF1AEBF725F7F54D0016716E /* Preview Assets.xcassets */ = {isa = PBXFileReference; lastKnownFileType = folder.assetcatalog; path = "Preview Assets.xcassets"; sourceTree = "<group>"; };
		EF1AEBF925F7F54D0016716E /* Info.plist */ = {isa = PBXFileReference; lastKnownFileType = text.plist.xml; path = Info.plist; sourceTree = "<group>"; };
		EF1AEC0025F7F55D0016716E /* ViewModel.swift */ = {isa = PBXFileReference; lastKnownFileType = sourcecode.swift; path = ViewModel.swift; sourceTree = "<group>"; };
		EFD9061525FA907500708365 /* RowView.swift */ = {isa = PBXFileReference; lastKnownFileType = sourcecode.swift; path = RowView.swift; sourceTree = "<group>"; };
/* End PBXFileReference section */

/* Begin PBXFrameworksBuildPhase section */
		EF1AEBEA25F7F54C0016716E /* Frameworks */ = {
			isa = PBXFrameworksBuildPhase;
			buildActionMask = 2147483647;
			files = (
			);
			runOnlyForDeploymentPostprocessing = 0;
		};
/* End PBXFrameworksBuildPhase section */

/* Begin PBXGroup section */
		EF1AEBE425F7F54C0016716E = {
			isa = PBXGroup;
			children = (
				EF1AEBEF25F7F54C0016716E /* MasterMind */,
				EF1AEBEE25F7F54C0016716E /* Products */,
			);
			sourceTree = "<group>";
		};
		EF1AEBEE25F7F54C0016716E /* Products */ = {
			isa = PBXGroup;
			children = (
				EF1AEBED25F7F54C0016716E /* MasterMind.app */,
			);
			name = Products;
			sourceTree = "<group>";
		};
		EF1AEBEF25F7F54C0016716E /* MasterMind */ = {
			isa = PBXGroup;
			children = (
				EF1AEBF025F7F54C0016716E /* MasterMindApp.swift */,
				EF1AEBF225F7F54C0016716E /* ContentView.swift */,
				EF1AEC0A25F7FFF20016716E /* View */,
				EF1AEC0025F7F55D0016716E /* ViewModel.swift */,
				EF1AEC0325F7F5690016716E /* Models */,
				EF1AEBF425F7F54D0016716E /* Assets.xcassets */,
				EF1AEBF925F7F54D0016716E /* Info.plist */,
				EF1AEBF625F7F54D0016716E /* Preview Content */,
			);
			path = MasterMind;
			sourceTree = "<group>";
		};
		EF1AEBF625F7F54D0016716E /* Preview Content */ = {
			isa = PBXGroup;
			children = (
				EF1AEBF725F7F54D0016716E /* Preview Assets.xcassets */,
			);
			path = "Preview Content";
			sourceTree = "<group>";
		};
		EF1AEC0325F7F5690016716E /* Models */ = {
			isa = PBXGroup;
			children = (
			);
			path = Models;
			sourceTree = "<group>";
		};
		EF1AEC0A25F7FFF20016716E /* View */ = {
			isa = PBXGroup;
			children = (
				EFD9061525FA907500708365 /* RowView.swift */,
				EF15B6312601224700579805 /* SolutionView.swift */,
				EF15B63826012E9100579805 /* UserSolutionView.swift */,
			);
			path = View;
			sourceTree = "<group>";
		};
/* End PBXGroup section */

/* Begin PBXNativeTarget section */
		EF1AEBEC25F7F54C0016716E /* MasterMind */ = {
			isa = PBXNativeTarget;
			buildConfigurationList = EF1AEBFC25F7F54D0016716E /* Build configuration list for PBXNativeTarget "MasterMind" */;
			buildPhases = (
				EF1AEBE925F7F54C0016716E /* Sources */,
				EF1AEBEA25F7F54C0016716E /* Frameworks */,
				EF1AEBEB25F7F54C0016716E /* Resources */,
			);
			buildRules = (
			);
			dependencies = (
			);
			name = MasterMind;
			productName = MasterMind;
			productReference = EF1AEBED25F7F54C0016716E /* MasterMind.app */;
			productType = "com.apple.product-type.application";
		};
/* End PBXNativeTarget section */

/* Begin PBXProject section */
		EF1AEBE525F7F54C0016716E /* Project object */ = {
			isa = PBXProject;
			attributes = {
				LastSwiftUpdateCheck = 1240;
				LastUpgradeCheck = 1240;
				TargetAttributes = {
					EF1AEBEC25F7F54C0016716E = {
						CreatedOnToolsVersion = 12.4;
					};
				};
			};
			buildConfigurationList = EF1AEBE825F7F54C0016716E /* Build configuration list for PBXProject "MasterMind" */;
			compatibilityVersion = "Xcode 9.3";
			developmentRegion = en;
			hasScannedForEncodings = 0;
			knownRegions = (
				en,
				Base,
			);
			mainGroup = EF1AEBE425F7F54C0016716E;
			productRefGroup = EF1AEBEE25F7F54C0016716E /* Products */;
			projectDirPath = "";
			projectRoot = "";
			targets = (
				EF1AEBEC25F7F54C0016716E /* MasterMind */,
			);
		};
/* End PBXProject section */

/* Begin PBXResourcesBuildPhase section */
		EF1AEBEB25F7F54C0016716E /* Resources */ = {
			isa = PBXResourcesBuildPhase;
			buildActionMask = 2147483647;
			files = (
				EF1AEBF825F7F54D0016716E /* Preview Assets.xcassets in Resources */,
				EF1AEBF525F7F54D0016716E /* Assets.xcassets in Resources */,
			);
			runOnlyForDeploymentPostprocessing = 0;
		};
/* End PBXResourcesBuildPhase section */

/* Begin PBXSourcesBuildPhase section */
		EF1AEBE925F7F54C0016716E /* Sources */ = {
			isa = PBXSourcesBuildPhase;
			buildActionMask = 2147483647;
			files = (
				EF15B63926012E9100579805 /* UserSolutionView.swift in Sources */,
				EF1AEBF325F7F54C0016716E /* ContentView.swift in Sources */,
				EFD9061625FA907500708365 /* RowView.swift in Sources */,
				EF15B6322601224700579805 /* SolutionView.swift in Sources */,
				EF1AEC0125F7F55D0016716E /* ViewModel.swift in Sources */,
				EF1AEBF125F7F54C0016716E /* MasterMindApp.swift in Sources */,
			);
			runOnlyForDeploymentPostprocessing = 0;
		};
/* End PBXSourcesBuildPhase section */

/* Begin XCBuildConfiguration section */
		EF1AEBFA25F7F54D0016716E /* Debug */ = {
			isa = XCBuildConfiguration;
			buildSettings = {
				ALWAYS_SEARCH_USER_PATHS = NO;
				CLANG_ANALYZER_NONNULL = YES;
				CLANG_ANALYZER_NUMBER_OBJECT_CONVERSION = YES_AGGRESSIVE;
				CLANG_CXX_LANGUAGE_STANDARD = "gnu++14";
				CLANG_CXX_LIBRARY = "libc++";
				CLANG_ENABLE_MODULES = YES;
				CLANG_ENABLE_OBJC_ARC = YES;
				CLANG_ENABLE_OBJC_WEAK = YES;
				CLANG_WARN_BLOCK_CAPTURE_AUTORELEASING = YES;
				CLANG_WARN_BOOL_CONVERSION = YES;
				CLANG_WARN_COMMA = YES;
				CLANG_WARN_CONSTANT_CONVERSION = YES;
				CLANG_WARN_DEPRECATED_OBJC_IMPLEMENTATIONS = YES;
				CLANG_WARN_DIRECT_OBJC_ISA_USAGE = YES_ERROR;
				CLANG_WARN_DOCUMENTATION_COMMENTS = YES;
				CLANG_WARN_EMPTY_BODY = YES;
				CLANG_WARN_ENUM_CONVERSION = YES;
				CLANG_WARN_INFINITE_RECURSION = YES;
				CLANG_WARN_INT_CONVERSION = YES;
				CLANG_WARN_NON_LITERAL_NULL_CONVERSION = YES;
				CLANG_WARN_OBJC_IMPLICIT_RETAIN_SELF = YES;
				CLANG_WARN_OBJC_LITERAL_CONVERSION = YES;
				CLANG_WARN_OBJC_ROOT_CLASS = YES_ERROR;
				CLANG_WARN_QUOTED_INCLUDE_IN_FRAMEWORK_HEADER = YES;
				CLANG_WARN_RANGE_LOOP_ANALYSIS = YES;
				CLANG_WARN_STRICT_PROTOTYPES = YES;
				CLANG_WARN_SUSPICIOUS_MOVE = YES;
				CLANG_WARN_UNGUARDED_AVAILABILITY = YES_AGGRESSIVE;
				CLANG_WARN_UNREACHABLE_CODE = YES;
				CLANG_WARN__DUPLICATE_METHOD_MATCH = YES;
				COPY_PHASE_STRIP = NO;
				DEBUG_INFORMATION_FORMAT = dwarf;
				ENABLE_STRICT_OBJC_MSGSEND = YES;
				ENABLE_TESTABILITY = YES;
				GCC_C_LANGUAGE_STANDARD = gnu11;
				GCC_DYNAMIC_NO_PIC = NO;
				GCC_NO_COMMON_BLOCKS = YES;
				GCC_OPTIMIZATION_LEVEL = 0;
				GCC_PREPROCESSOR_DEFINITIONS = (
					"DEBUG=1",
					"$(inherited)",
				);
				GCC_WARN_64_TO_32_BIT_CONVERSION = YES;
				GCC_WARN_ABOUT_RETURN_TYPE = YES_ERROR;
				GCC_WARN_UNDECLARED_SELECTOR = YES;
				GCC_WARN_UNINITIALIZED_AUTOS = YES_AGGRESSIVE;
				GCC_WARN_UNUSED_FUNCTION = YES;
				GCC_WARN_UNUSED_VARIABLE = YES;
				IPHONEOS_DEPLOYMENT_TARGET = 14.4;
				MTL_ENABLE_DEBUG_INFO = INCLUDE_SOURCE;
				MTL_FAST_MATH = YES;
				ONLY_ACTIVE_ARCH = YES;
				SDKROOT = iphoneos;
				SWIFT_ACTIVE_COMPILATION_CONDITIONS = DEBUG;
				SWIFT_OPTIMIZATION_LEVEL = "-Onone";
			};
			name = Debug;
		};
		EF1AEBFB25F7F54D0016716E /* Release */ = {
			isa = XCBuildConfiguration;
			buildSettings = {
				ALWAYS_SEARCH_USER_PATHS = NO;
				CLANG_ANALYZER_NONNULL = YES;
				CLANG_ANALYZER_NUMBER_OBJECT_CONVERSION = YES_AGGRESSIVE;
				CLANG_CXX_LANGUAGE_STANDARD = "gnu++14";
				CLANG_CXX_LIBRARY = "libc++";
				CLANG_ENABLE_MODULES = YES;
				CLANG_ENABLE_OBJC_ARC = YES;
				CLANG_ENABLE_OBJC_WEAK = YES;
				CLANG_WARN_BLOCK_CAPTURE_AUTORELEASING = YES;
				CLANG_WARN_BOOL_CONVERSION = YES;
				CLANG_WARN_COMMA = YES;
				CLANG_WARN_CONSTANT_CONVERSION = YES;
				CLANG_WARN_DEPRECATED_OBJC_IMPLEMENTATIONS = YES;
				CLANG_WARN_DIRECT_OBJC_ISA_USAGE = YES_ERROR;
				CLANG_WARN_DOCUMENTATION_COMMENTS = YES;
				CLANG_WARN_EMPTY_BODY = YES;
				CLANG_WARN_ENUM_CONVERSION = YES;
				CLANG_WARN_INFINITE_RECURSION = YES;
				CLANG_WARN_INT_CONVERSION = YES;
				CLANG_WARN_NON_LITERAL_NULL_CONVERSION = YES;
				CLANG_WARN_OBJC_IMPLICIT_RETAIN_SELF = YES;
				CLANG_WARN_OBJC_LITERAL_CONVERSION = YES;
				CLANG_WARN_OBJC_ROOT_CLASS = YES_ERROR;
				CLANG_WARN_QUOTED_INCLUDE_IN_FRAMEWORK_HEADER = YES;
				CLANG_WARN_RANGE_LOOP_ANALYSIS = YES;
				CLANG_WARN_STRICT_PROTOTYPES = YES;
				CLANG_WARN_SUSPICIOUS_MOVE = YES;
				CLANG_WARN_UNGUARDED_AVAILABILITY = YES_AGGRESSIVE;
				CLANG_WARN_UNREACHABLE_CODE = YES;
				CLANG_WARN__DUPLICATE_METHOD_MATCH = YES;
				COPY_PHASE_STRIP = NO;
				DEBUG_INFORMATION_FORMAT = "dwarf-with-dsym";
				ENABLE_NS_ASSERTIONS = NO;
				ENABLE_STRICT_OBJC_MSGSEND = YES;
				GCC_C_LANGUAGE_STANDARD = gnu11;
				GCC_NO_COMMON_BLOCKS = YES;
				GCC_WARN_64_TO_32_BIT_CONVERSION = YES;
				GCC_WARN_ABOUT_RETURN_TYPE = YES_ERROR;
				GCC_WARN_UNDECLARED_SELECTOR = YES;
				GCC_WARN_UNINITIALIZED_AUTOS = YES_AGGRESSIVE;
				GCC_WARN_UNUSED_FUNCTION = YES;
				GCC_WARN_UNUSED_VARIABLE = YES;
				IPHONEOS_DEPLOYMENT_TARGET = 14.4;
				MTL_ENABLE_DEBUG_INFO = NO;
				MTL_FAST_MATH = YES;
				SDKROOT = iphoneos;
				SWIFT_COMPILATION_MODE = wholemodule;
				SWIFT_OPTIMIZATION_LEVEL = "-O";
				VALIDATE_PRODUCT = YES;
			};
			name = Release;
		};
		EF1AEBFD25F7F54D0016716E /* Debug */ = {
			isa = XCBuildConfiguration;
			buildSettings = {
				ASSETCATALOG_COMPILER_APPICON_NAME = AppIcon;
				ASSETCATALOG_COMPILER_GLOBAL_ACCENT_COLOR_NAME = AccentColor;
				CODE_SIGN_STYLE = Automatic;
				DEVELOPMENT_ASSET_PATHS = "\"MasterMind/Preview Content\"";
				ENABLE_PREVIEWS = YES;
				INFOPLIST_FILE = MasterMind/Info.plist;
				IPHONEOS_DEPLOYMENT_TARGET = 14.0;
				LD_RUNPATH_SEARCH_PATHS = (
					"$(inherited)",
					"@executable_path/Frameworks",
				);
				PRODUCT_BUNDLE_IDENTIFIER = com.ignasi.MasterMind;
				PRODUCT_NAME = "$(TARGET_NAME)";
				SWIFT_VERSION = 5.0;
				TARGETED_DEVICE_FAMILY = "1,2";
			};
			name = Debug;
		};
		EF1AEBFE25F7F54D0016716E /* Release */ = {
			isa = XCBuildConfiguration;
			buildSettings = {
				ASSETCATALOG_COMPILER_APPICON_NAME = AppIcon;
				ASSETCATALOG_COMPILER_GLOBAL_ACCENT_COLOR_NAME = AccentColor;
				CODE_SIGN_STYLE = Automatic;
				DEVELOPMENT_ASSET_PATHS = "\"MasterMind/Preview Content\"";
				ENABLE_PREVIEWS = YES;
				INFOPLIST_FILE = MasterMind/Info.plist;
				IPHONEOS_DEPLOYMENT_TARGET = 14.0;
				LD_RUNPATH_SEARCH_PATHS = (
					"$(inherited)",
					"@executable_path/Frameworks",
				);
				PRODUCT_BUNDLE_IDENTIFIER = com.ignasi.MasterMind;
				PRODUCT_NAME = "$(TARGET_NAME)";
				SWIFT_VERSION = 5.0;
				TARGETED_DEVICE_FAMILY = "1,2";
			};
			name = Release;
		};
/* End XCBuildConfiguration section */

/* Begin XCConfigurationList section */
		EF1AEBE825F7F54C0016716E /* Build configuration list for PBXProject "MasterMind" */ = {
			isa = XCConfigurationList;
			buildConfigurations = (
				EF1AEBFA25F7F54D0016716E /* Debug */,
				EF1AEBFB25F7F54D0016716E /* Release */,
			);
			defaultConfigurationIsVisible = 0;
			defaultConfigurationName = Release;
		};
		EF1AEBFC25F7F54D0016716E /* Build configuration list for PBXNativeTarget "MasterMind" */ = {
			isa = XCConfigurationList;
			buildConfigurations = (
				EF1AEBFD25F7F54D0016716E /* Debug */,
				EF1AEBFE25F7F54D0016716E /* Release */,
			);
			defaultConfigurationIsVisible = 0;
			defaultConfigurationName = Release;
		};
/* End XCConfigurationList section */
	};
	rootObject = EF1AEBE525F7F54C0016716E /* Project object */;
}
